// !$*UTF8*$!
{
	archiveVersion = 1;
	classes = {
	};
	objectVersion = 51;
	objects = {

/* Begin PBXBuildFile section */
		28DF77F850A5F70D383BE59B /* Pods_YoutubeMaps.framework in Frameworks */ = {isa = PBXBuildFile; fileRef = 005B0535D036903A443FA9F5 /* Pods_YoutubeMaps.framework */; };
		B46A50F0271E7C720078D94E /* AppDelegate.swift in Sources */ = {isa = PBXBuildFile; fileRef = B46A50EF271E7C720078D94E /* AppDelegate.swift */; };
		B46A50F2271E7C720078D94E /* SceneDelegate.swift in Sources */ = {isa = PBXBuildFile; fileRef = B46A50F1271E7C720078D94E /* SceneDelegate.swift */; };
		B46A50F4271E7C720078D94E /* ViewController.swift in Sources */ = {isa = PBXBuildFile; fileRef = B46A50F3271E7C720078D94E /* ViewController.swift */; };
		B46A50F7271E7C720078D94E /* Main.storyboard in Resources */ = {isa = PBXBuildFile; fileRef = B46A50F5271E7C720078D94E /* Main.storyboard */; };
		B46A50F9271E7C740078D94E /* Assets.xcassets in Resources */ = {isa = PBXBuildFile; fileRef = B46A50F8271E7C740078D94E /* Assets.xcassets */; };
		B46A50FC271E7C740078D94E /* LaunchScreen.storyboard in Resources */ = {isa = PBXBuildFile; fileRef = B46A50FA271E7C740078D94E /* LaunchScreen.storyboard */; };
		B46A5104271E7F2B0078D94E /* ResultsViewController.swift in Sources */ = {isa = PBXBuildFile; fileRef = B46A5103271E7F2B0078D94E /* ResultsViewController.swift */; };
		B46A5106271E84A00078D94E /* GooglePlacesManager.swift in Sources */ = {isa = PBXBuildFile; fileRef = B46A5105271E84A00078D94E /* GooglePlacesManager.swift */; };
		B46A5108271EADB50078D94E /* Place.swift in Sources */ = {isa = PBXBuildFile; fileRef = B46A5107271EADB50078D94E /* Place.swift */; };
		B46A510A271EAE4C0078D94E /* PlacesError.swift in Sources */ = {isa = PBXBuildFile; fileRef = B46A5109271EAE4C0078D94E /* PlacesError.swift */; };
/* End PBXBuildFile section */

/* Begin PBXFileReference section */
		005B0535D036903A443FA9F5 /* Pods_YoutubeMaps.framework */ = {isa = PBXFileReference; explicitFileType = wrapper.framework; includeInIndex = 0; path = Pods_YoutubeMaps.framework; sourceTree = BUILT_PRODUCTS_DIR; };
		3CFBB750F23D0523695DDACC /* Pods-YoutubeMaps.release.xcconfig */ = {isa = PBXFileReference; includeInIndex = 1; lastKnownFileType = text.xcconfig; name = "Pods-YoutubeMaps.release.xcconfig"; path = "Target Support Files/Pods-YoutubeMaps/Pods-YoutubeMaps.release.xcconfig"; sourceTree = "<group>"; };
		4DBAF03251D50F1AB99B1DF4 /* Pods-YoutubeMaps.debug.xcconfig */ = {isa = PBXFileReference; includeInIndex = 1; lastKnownFileType = text.xcconfig; name = "Pods-YoutubeMaps.debug.xcconfig"; path = "Target Support Files/Pods-YoutubeMaps/Pods-YoutubeMaps.debug.xcconfig"; sourceTree = "<group>"; };
		B46A50EC271E7C720078D94E /* YoutubeMaps.app */ = {isa = PBXFileReference; explicitFileType = wrapper.application; includeInIndex = 0; path = YoutubeMaps.app; sourceTree = BUILT_PRODUCTS_DIR; };
		B46A50EF271E7C720078D94E /* AppDelegate.swift */ = {isa = PBXFileReference; lastKnownFileType = sourcecode.swift; path = AppDelegate.swift; sourceTree = "<group>"; };
		B46A50F1271E7C720078D94E /* SceneDelegate.swift */ = {isa = PBXFileReference; lastKnownFileType = sourcecode.swift; path = SceneDelegate.swift; sourceTree = "<group>"; };
		B46A50F3271E7C720078D94E /* ViewController.swift */ = {isa = PBXFileReference; lastKnownFileType = sourcecode.swift; path = ViewController.swift; sourceTree = "<group>"; };
		B46A50F6271E7C720078D94E /* Base */ = {isa = PBXFileReference; lastKnownFileType = file.storyboard; name = Base; path = Base.lproj/Main.storyboard; sourceTree = "<group>"; };
		B46A50F8271E7C740078D94E /* Assets.xcassets */ = {isa = PBXFileReference; lastKnownFileType = folder.assetcatalog; path = Assets.xcassets; sourceTree = "<group>"; };
		B46A50FB271E7C740078D94E /* Base */ = {isa = PBXFileReference; lastKnownFileType = file.storyboard; name = Base; path = Base.lproj/LaunchScreen.storyboard; sourceTree = "<group>"; };
		B46A50FD271E7C740078D94E /* Info.plist */ = {isa = PBXFileReference; lastKnownFileType = text.plist.xml; path = Info.plist; sourceTree = "<group>"; };
		B46A5103271E7F2B0078D94E /* ResultsViewController.swift */ = {isa = PBXFileReference; lastKnownFileType = sourcecode.swift; path = ResultsViewController.swift; sourceTree = "<group>"; };
		B46A5105271E84A00078D94E /* GooglePlacesManager.swift */ = {isa = PBXFileReference; lastKnownFileType = sourcecode.swift; path = GooglePlacesManager.swift; sourceTree = "<group>"; };
		B46A5107271EADB50078D94E /* Place.swift */ = {isa = PBXFileReference; lastKnownFileType = sourcecode.swift; path = Place.swift; sourceTree = "<group>"; };
		B46A5109271EAE4C0078D94E /* PlacesError.swift */ = {isa = PBXFileReference; lastKnownFileType = sourcecode.swift; path = PlacesError.swift; sourceTree = "<group>"; };
/* End PBXFileReference section */

/* Begin PBXFrameworksBuildPhase section */
		B46A50E9271E7C720078D94E /* Frameworks */ = {
			isa = PBXFrameworksBuildPhase;
			buildActionMask = 2147483647;
			files = (
				28DF77F850A5F70D383BE59B /* Pods_YoutubeMaps.framework in Frameworks */,
			);
			runOnlyForDeploymentPostprocessing = 0;
		};
/* End PBXFrameworksBuildPhase section */

/* Begin PBXGroup section */
		44977F4573DE7CF8C165B071 /* Pods */ = {
			isa = PBXGroup;
			children = (
				4DBAF03251D50F1AB99B1DF4 /* Pods-YoutubeMaps.debug.xcconfig */,
				3CFBB750F23D0523695DDACC /* Pods-YoutubeMaps.release.xcconfig */,
			);
			path = Pods;
			sourceTree = "<group>";
		};
		B46A50E3271E7C720078D94E = {
			isa = PBXGroup;
			children = (
				B46A50EE271E7C720078D94E /* YoutubeMaps */,
				B46A50ED271E7C720078D94E /* Products */,
				44977F4573DE7CF8C165B071 /* Pods */,
				EBF4C23557E37B142B85431E /* Frameworks */,
			);
			sourceTree = "<group>";
		};
		B46A50ED271E7C720078D94E /* Products */ = {
			isa = PBXGroup;
			children = (
				B46A50EC271E7C720078D94E /* YoutubeMaps.app */,
			);
			name = Products;
			sourceTree = "<group>";
		};
		B46A50EE271E7C720078D94E /* YoutubeMaps */ = {
			isa = PBXGroup;
			children = (
				B46A50EF271E7C720078D94E /* AppDelegate.swift */,
				B46A50F1271E7C720078D94E /* SceneDelegate.swift */,
				B46A50F3271E7C720078D94E /* ViewController.swift */,
				B46A5103271E7F2B0078D94E /* ResultsViewController.swift */,
				B46A5105271E84A00078D94E /* GooglePlacesManager.swift */,
				B46A5107271EADB50078D94E /* Place.swift */,
				B46A5109271EAE4C0078D94E /* PlacesError.swift */,
				B46A50F5271E7C720078D94E /* Main.storyboard */,
				B46A50F8271E7C740078D94E /* Assets.xcassets */,
				B46A50FA271E7C740078D94E /* LaunchScreen.storyboard */,
				B46A50FD271E7C740078D94E /* Info.plist */,
			);
			path = YoutubeMaps;
			sourceTree = "<group>";
		};
		EBF4C23557E37B142B85431E /* Frameworks */ = {
			isa = PBXGroup;
			children = (
				005B0535D036903A443FA9F5 /* Pods_YoutubeMaps.framework */,
			);
			name = Frameworks;
			sourceTree = "<group>";
		};
/* End PBXGroup section */

/* Begin PBXNativeTarget section */
		B46A50EB271E7C720078D94E /* YoutubeMaps */ = {
			isa = PBXNativeTarget;
			buildConfigurationList = B46A5100271E7C740078D94E /* Build configuration list for PBXNativeTarget "YoutubeMaps" */;
			buildPhases = (
				14F218A25C088BF5B2577AD5 /* [CP] Check Pods Manifest.lock */,
				B46A50E8271E7C720078D94E /* Sources */,
				B46A50E9271E7C720078D94E /* Frameworks */,
				B46A50EA271E7C720078D94E /* Resources */,
				85BD85F66DFAC70F3920E5DA /* [CP] Copy Pods Resources */,
			);
			buildRules = (
			);
			dependencies = (
			);
			name = YoutubeMaps;
			productName = YoutubeMaps;
			productReference = B46A50EC271E7C720078D94E /* YoutubeMaps.app */;
			productType = "com.apple.product-type.application";
		};
/* End PBXNativeTarget section */

/* Begin PBXProject section */
		B46A50E4271E7C720078D94E /* Project object */ = {
			isa = PBXProject;
			attributes = {
				LastSwiftUpdateCheck = 1250;
				LastUpgradeCheck = 1250;
				TargetAttributes = {
					B46A50EB271E7C720078D94E = {
						CreatedOnToolsVersion = 12.5.1;
					};
				};
			};
			buildConfigurationList = B46A50E7271E7C720078D94E /* Build configuration list for PBXProject "YoutubeMaps" */;
			compatibilityVersion = "Xcode 9.3";
			developmentRegion = en;
			hasScannedForEncodings = 0;
			knownRegions = (
				en,
				Base,
			);
			mainGroup = B46A50E3271E7C720078D94E;
			productRefGroup = B46A50ED271E7C720078D94E /* Products */;
			projectDirPath = "";
			projectRoot = "";
			targets = (
				B46A50EB271E7C720078D94E /* YoutubeMaps */,
			);
		};
/* End PBXProject section */

/* Begin PBXResourcesBuildPhase section */
		B46A50EA271E7C720078D94E /* Resources */ = {
			isa = PBXResourcesBuildPhase;
			buildActionMask = 2147483647;
			files = (
				B46A50FC271E7C740078D94E /* LaunchScreen.storyboard in Resources */,
				B46A50F9271E7C740078D94E /* Assets.xcassets in Resources */,
				B46A50F7271E7C720078D94E /* Main.storyboard in Resources */,
			);
			runOnlyForDeploymentPostprocessing = 0;
		};
/* End PBXResourcesBuildPhase section */

/* Begin PBXShellScriptBuildPhase section */
		14F218A25C088BF5B2577AD5 /* [CP] Check Pods Manifest.lock */ = {
			isa = PBXShellScriptBuildPhase;
			buildActionMask = 2147483647;
			files = (
			);
			inputFileListPaths = (
			);
			inputPaths = (
				"${PODS_PODFILE_DIR_PATH}/Podfile.lock",
				"${PODS_ROOT}/Manifest.lock",
			);
			name = "[CP] Check Pods Manifest.lock";
			outputFileListPaths = (
			);
			outputPaths = (
				"$(DERIVED_FILE_DIR)/Pods-YoutubeMaps-checkManifestLockResult.txt",
			);
			runOnlyForDeploymentPostprocessing = 0;
			shellPath = /bin/sh;
			shellScript = "diff \"${PODS_PODFILE_DIR_PATH}/Podfile.lock\" \"${PODS_ROOT}/Manifest.lock\" > /dev/null\nif [ $? != 0 ] ; then\n    # print error to STDERR\n    echo \"error: The sandbox is not in sync with the Podfile.lock. Run 'pod install' or update your CocoaPods installation.\" >&2\n    exit 1\nfi\n# This output is used by Xcode 'outputs' to avoid re-running this script phase.\necho \"SUCCESS\" > \"${SCRIPT_OUTPUT_FILE_0}\"\n";
			showEnvVarsInLog = 0;
		};
		85BD85F66DFAC70F3920E5DA /* [CP] Copy Pods Resources */ = {
			isa = PBXShellScriptBuildPhase;
			buildActionMask = 2147483647;
			files = (
			);
			inputFileListPaths = (
				"${PODS_ROOT}/Target Support Files/Pods-YoutubeMaps/Pods-YoutubeMaps-resources-${CONFIGURATION}-input-files.xcfilelist",
			);
			name = "[CP] Copy Pods Resources";
			outputFileListPaths = (
				"${PODS_ROOT}/Target Support Files/Pods-YoutubeMaps/Pods-YoutubeMaps-resources-${CONFIGURATION}-output-files.xcfilelist",
			);
			runOnlyForDeploymentPostprocessing = 0;
			shellPath = /bin/sh;
			shellScript = "\"${PODS_ROOT}/Target Support Files/Pods-YoutubeMaps/Pods-YoutubeMaps-resources.sh\"\n";
			showEnvVarsInLog = 0;
		};
/* End PBXShellScriptBuildPhase section */

/* Begin PBXSourcesBuildPhase section */
		B46A50E8271E7C720078D94E /* Sources */ = {
			isa = PBXSourcesBuildPhase;
			buildActionMask = 2147483647;
			files = (
				B46A50F4271E7C720078D94E /* ViewController.swift in Sources */,
				B46A50F0271E7C720078D94E /* AppDelegate.swift in Sources */,
				B46A50F2271E7C720078D94E /* SceneDelegate.swift in Sources */,
				B46A5108271EADB50078D94E /* Place.swift in Sources */,
				B46A510A271EAE4C0078D94E /* PlacesError.swift in Sources */,
				B46A5104271E7F2B0078D94E /* ResultsViewController.swift in Sources */,
				B46A5106271E84A00078D94E /* GooglePlacesManager.swift in Sources */,
			);
			runOnlyForDeploymentPostprocessing = 0;
		};
/* End PBXSourcesBuildPhase section */

/* Begin PBXVariantGroup section */
		B46A50F5271E7C720078D94E /* Main.storyboard */ = {
			isa = PBXVariantGroup;
			children = (
				B46A50F6271E7C720078D94E /* Base */,
			);
			name = Main.storyboard;
			sourceTree = "<group>";
		};
		B46A50FA271E7C740078D94E /* LaunchScreen.storyboard */ = {
			isa = PBXVariantGroup;
			children = (
				B46A50FB271E7C740078D94E /* Base */,
			);
			name = LaunchScreen.storyboard;
			sourceTree = "<group>";
		};
/* End PBXVariantGroup section */

/* Begin XCBuildConfiguration section */
		B46A50FE271E7C740078D94E /* Debug */ = {
			isa = XCBuildConfiguration;
			buildSettings = {
				ALWAYS_SEARCH_USER_PATHS = NO;
				CLANG_ANALYZER_NONNULL = YES;
				CLANG_ANALYZER_NUMBER_OBJECT_CONVERSION = YES_AGGRESSIVE;
				CLANG_CXX_LANGUAGE_STANDARD = "gnu++14";
				CLANG_CXX_LIBRARY = "libc++";
				CLANG_ENABLE_MODULES = YES;
				CLANG_ENABLE_OBJC_ARC = YES;
				CLANG_ENABLE_OBJC_WEAK = YES;
				CLANG_WARN_BLOCK_CAPTURE_AUTORELEASING = YES;
				CLANG_WARN_BOOL_CONVERSION = YES;
				CLANG_WARN_COMMA = YES;
				CLANG_WARN_CONSTANT_CONVERSION = YES;
				CLANG_WARN_DEPRECATED_OBJC_IMPLEMENTATIONS = YES;
				CLANG_WARN_DIRECT_OBJC_ISA_USAGE = YES_ERROR;
				CLANG_WARN_DOCUMENTATION_COMMENTS = YES;
				CLANG_WARN_EMPTY_BODY = YES;
				CLANG_WARN_ENUM_CONVERSION = YES;
				CLANG_WARN_INFINITE_RECURSION = YES;
				CLANG_WARN_INT_CONVERSION = YES;
				CLANG_WARN_NON_LITERAL_NULL_CONVERSION = YES;
				CLANG_WARN_OBJC_IMPLICIT_RETAIN_SELF = YES;
				CLANG_WARN_OBJC_LITERAL_CONVERSION = YES;
				CLANG_WARN_OBJC_ROOT_CLASS = YES_ERROR;
				CLANG_WARN_QUOTED_INCLUDE_IN_FRAMEWORK_HEADER = YES;
				CLANG_WARN_RANGE_LOOP_ANALYSIS = YES;
				CLANG_WARN_STRICT_PROTOTYPES = YES;
				CLANG_WARN_SUSPICIOUS_MOVE = YES;
				CLANG_WARN_UNGUARDED_AVAILABILITY = YES_AGGRESSIVE;
				CLANG_WARN_UNREACHABLE_CODE = YES;
				CLANG_WARN__DUPLICATE_METHOD_MATCH = YES;
				COPY_PHASE_STRIP = NO;
				DEBUG_INFORMATION_FORMAT = dwarf;
				ENABLE_STRICT_OBJC_MSGSEND = YES;
				ENABLE_TESTABILITY = YES;
				GCC_C_LANGUAGE_STANDARD = gnu11;
				GCC_DYNAMIC_NO_PIC = NO;
				GCC_NO_COMMON_BLOCKS = YES;
				GCC_OPTIMIZATION_LEVEL = 0;
				GCC_PREPROCESSOR_DEFINITIONS = (
					"DEBUG=1",
					"$(inherited)",
				);
				GCC_WARN_64_TO_32_BIT_CONVERSION = YES;
				GCC_WARN_ABOUT_RETURN_TYPE = YES_ERROR;
				GCC_WARN_UNDECLARED_SELECTOR = YES;
				GCC_WARN_UNINITIALIZED_AUTOS = YES_AGGRESSIVE;
				GCC_WARN_UNUSED_FUNCTION = YES;
				GCC_WARN_UNUSED_VARIABLE = YES;
				IPHONEOS_DEPLOYMENT_TARGET = 14.5;
				MTL_ENABLE_DEBUG_INFO = INCLUDE_SOURCE;
				MTL_FAST_MATH = YES;
				ONLY_ACTIVE_ARCH = YES;
				SDKROOT = iphoneos;
				SWIFT_ACTIVE_COMPILATION_CONDITIONS = DEBUG;
				SWIFT_OPTIMIZATION_LEVEL = "-Onone";
			};
			name = Debug;
		};
		B46A50FF271E7C740078D94E /* Release */ = {
			isa = XCBuildConfiguration;
			buildSettings = {
				ALWAYS_SEARCH_USER_PATHS = NO;
				CLANG_ANALYZER_NONNULL = YES;
				CLANG_ANALYZER_NUMBER_OBJECT_CONVERSION = YES_AGGRESSIVE;
				CLANG_CXX_LANGUAGE_STANDARD = "gnu++14";
				CLANG_CXX_LIBRARY = "libc++";
				CLANG_ENABLE_MODULES = YES;
				CLANG_ENABLE_OBJC_ARC = YES;
				CLANG_ENABLE_OBJC_WEAK = YES;
				CLANG_WARN_BLOCK_CAPTURE_AUTORELEASING = YES;
				CLANG_WARN_BOOL_CONVERSION = YES;
				CLANG_WARN_COMMA = YES;
				CLANG_WARN_CONSTANT_CONVERSION = YES;
				CLANG_WARN_DEPRECATED_OBJC_IMPLEMENTATIONS = YES;
				CLANG_WARN_DIRECT_OBJC_ISA_USAGE = YES_ERROR;
				CLANG_WARN_DOCUMENTATION_COMMENTS = YES;
				CLANG_WARN_EMPTY_BODY = YES;
				CLANG_WARN_ENUM_CONVERSION = YES;
				CLANG_WARN_INFINITE_RECURSION = YES;
				CLANG_WARN_INT_CONVERSION = YES;
				CLANG_WARN_NON_LITERAL_NULL_CONVERSION = YES;
				CLANG_WARN_OBJC_IMPLICIT_RETAIN_SELF = YES;
				CLANG_WARN_OBJC_LITERAL_CONVERSION = YES;
				CLANG_WARN_OBJC_ROOT_CLASS = YES_ERROR;
				CLANG_WARN_QUOTED_INCLUDE_IN_FRAMEWORK_HEADER = YES;
				CLANG_WARN_RANGE_LOOP_ANALYSIS = YES;
				CLANG_WARN_STRICT_PROTOTYPES = YES;
				CLANG_WARN_SUSPICIOUS_MOVE = YES;
				CLANG_WARN_UNGUARDED_AVAILABILITY = YES_AGGRESSIVE;
				CLANG_WARN_UNREACHABLE_CODE = YES;
				CLANG_WARN__DUPLICATE_METHOD_MATCH = YES;
				COPY_PHASE_STRIP = NO;
				DEBUG_INFORMATION_FORMAT = "dwarf-with-dsym";
				ENABLE_NS_ASSERTIONS = NO;
				ENABLE_STRICT_OBJC_MSGSEND = YES;
				GCC_C_LANGUAGE_STANDARD = gnu11;
				GCC_NO_COMMON_BLOCKS = YES;
				GCC_WARN_64_TO_32_BIT_CONVERSION = YES;
				GCC_WARN_ABOUT_RETURN_TYPE = YES_ERROR;
				GCC_WARN_UNDECLARED_SELECTOR = YES;
				GCC_WARN_UNINITIALIZED_AUTOS = YES_AGGRESSIVE;
				GCC_WARN_UNUSED_FUNCTION = YES;
				GCC_WARN_UNUSED_VARIABLE = YES;
				IPHONEOS_DEPLOYMENT_TARGET = 14.5;
				MTL_ENABLE_DEBUG_INFO = NO;
				MTL_FAST_MATH = YES;
				SDKROOT = iphoneos;
				SWIFT_COMPILATION_MODE = wholemodule;
				SWIFT_OPTIMIZATION_LEVEL = "-O";
				VALIDATE_PRODUCT = YES;
			};
			name = Release;
		};
		B46A5101271E7C740078D94E /* Debug */ = {
			isa = XCBuildConfiguration;
			baseConfigurationReference = 4DBAF03251D50F1AB99B1DF4 /* Pods-YoutubeMaps.debug.xcconfig */;
			buildSettings = {
				ASSETCATALOG_COMPILER_APPICON_NAME = AppIcon;
				ASSETCATALOG_COMPILER_GLOBAL_ACCENT_COLOR_NAME = AccentColor;
				CODE_SIGN_STYLE = Automatic;
				DEVELOPMENT_TEAM = 6CJ98NSPAD;
				INFOPLIST_FILE = YoutubeMaps/Info.plist;
				LD_RUNPATH_SEARCH_PATHS = (
					"$(inherited)",
					"@executable_path/Frameworks",
				);
				PRODUCT_BUNDLE_IDENTIFIER = com.macmartins.YoutubeMaps;
				PRODUCT_NAME = "$(TARGET_NAME)";
				SWIFT_VERSION = 5.0;
				TARGETED_DEVICE_FAMILY = "1,2";
			};
			name = Debug;
		};
		B46A5102271E7C740078D94E /* Release */ = {
			isa = XCBuildConfiguration;
			baseConfigurationReference = 3CFBB750F23D0523695DDACC /* Pods-YoutubeMaps.release.xcconfig */;
			buildSettings = {
				ASSETCATALOG_COMPILER_APPICON_NAME = AppIcon;
				ASSETCATALOG_COMPILER_GLOBAL_ACCENT_COLOR_NAME = AccentColor;
				CODE_SIGN_STYLE = Automatic;
				DEVELOPMENT_TEAM = 6CJ98NSPAD;
				INFOPLIST_FILE = YoutubeMaps/Info.plist;
				LD_RUNPATH_SEARCH_PATHS = (
					"$(inherited)",
					"@executable_path/Frameworks",
				);
				PRODUCT_BUNDLE_IDENTIFIER = com.macmartins.YoutubeMaps;
				PRODUCT_NAME = "$(TARGET_NAME)";
				SWIFT_VERSION = 5.0;
				TARGETED_DEVICE_FAMILY = "1,2";
			};
			name = Release;
		};
/* End XCBuildConfiguration section */

/* Begin XCConfigurationList section */
		B46A50E7271E7C720078D94E /* Build configuration list for PBXProject "YoutubeMaps" */ = {
			isa = XCConfigurationList;
			buildConfigurations = (
				B46A50FE271E7C740078D94E /* Debug */,
				B46A50FF271E7C740078D94E /* Release */,
			);
			defaultConfigurationIsVisible = 0;
			defaultConfigurationName = Release;
		};
		B46A5100271E7C740078D94E /* Build configuration list for PBXNativeTarget "YoutubeMaps" */ = {
			isa = XCConfigurationList;
			buildConfigurations = (
				B46A5101271E7C740078D94E /* Debug */,
				B46A5102271E7C740078D94E /* Release */,
			);
			defaultConfigurationIsVisible = 0;
			defaultConfigurationName = Release;
		};
/* End XCConfigurationList section */
	};
	rootObject = B46A50E4271E7C720078D94E /* Project object */;
}
